
Microsoft Visual Studio Solution File, Format Version 12.00
# Visual Studio Version 17
VisualStudioVersion = 17.13.35806.99
MinimumVisualStudioVersion = 10.0.40219.1
Project("{8BC9CEB8-8B4A-11D0-8D11-00A0C91BC942}") = "RPG_change", "..\Test.c\Test.c.vcxproj", "{A241C63E-E866-4DD9-8D77-2DB24CBACBCA}"
EndProject
Project("{2150E333-8FDC-42A3-9474-1A3956D46DE8}") = "RPG_GAME", "RPG_GAME", "{C8D5274F-AC00-46C7-1F8D-E88E81087A52}"
EndProject
Project("{2150E333-8FDC-42A3-9474-1A3956D46DE8}") = "RPG-CHANGE", "RPG-CHANGE", "{FBEDABFB-6BA7-4BBB-8D4A-04ECB5608061}"
EndProject
Project("{2150E333-8FDC-42A3-9474-1A3956D46DE8}") = "S_FINAL", "S_FINAL", "{6A1CA326-1A60-48C6-BF17-DACEC490C168}"
EndProject
Project("{8BC9CEB8-8B4A-11D0-8D11-00A0C91BC942}") = "Final", "..\Temp\Temp.vcxproj", "{D423D296-6A9A-4993-9E42-EC0385CF8337}"
EndProject
Project("{8BC9CEB8-8B4A-11D0-8D11-00A0C91BC942}") = "PRG-GAME", "..\PRG-GAME\PRG-GAME.vcxproj", "{EA5DD924-B8F2-4199-8AFD-81728DDBF8D7}"
EndProject
Project("{2150E333-8FDC-42A3-9474-1A3956D46DE8}") = "새 폴더3", "새 폴더3", "{5AEDC995-9A84-D21E-A776-162FF4653AEC}"
EndProject
Project("{8BC9CEB8-8B4A-11D0-8D11-00A0C91BC942}") = "R_P_G", "R_P_G\R_P_G.vcxproj", "{AA08800A-5C21-47B9-9F9B-2C263C3E419F}"
EndProject
Global
	GlobalSection(SolutionConfigurationPlatforms) = preSolution
		Debug|x64 = Debug|x64
		Debug|x86 = Debug|x86
		Release|x64 = Release|x64
		Release|x86 = Release|x86
	EndGlobalSection
	GlobalSection(ProjectConfigurationPlatforms) = postSolution
		{A241C63E-E866-4DD9-8D77-2DB24CBACBCA}.Debug|x64.ActiveCfg = Debug|x64
		{A241C63E-E866-4DD9-8D77-2DB24CBACBCA}.Debug|x64.Build.0 = Debug|x64
		{A241C63E-E866-4DD9-8D77-2DB24CBACBCA}.Debug|x86.ActiveCfg = Debug|Win32
		{A241C63E-E866-4DD9-8D77-2DB24CBACBCA}.Debug|x86.Build.0 = Debug|Win32
		{A241C63E-E866-4DD9-8D77-2DB24CBACBCA}.Release|x64.ActiveCfg = Release|x64
		{A241C63E-E866-4DD9-8D77-2DB24CBACBCA}.Release|x64.Build.0 = Release|x64
		{A241C63E-E866-4DD9-8D77-2DB24CBACBCA}.Release|x86.ActiveCfg = Release|Win32
		{A241C63E-E866-4DD9-8D77-2DB24CBACBCA}.Release|x86.Build.0 = Release|Win32
		{D423D296-6A9A-4993-9E42-EC0385CF8337}.Debug|x64.ActiveCfg = Debug|x64
		{D423D296-6A9A-4993-9E42-EC0385CF8337}.Debug|x64.Build.0 = Debug|x64
		{D423D296-6A9A-4993-9E42-EC0385CF8337}.Debug|x86.ActiveCfg = Debug|Win32
		{D423D296-6A9A-4993-9E42-EC0385CF8337}.Debug|x86.Build.0 = Debug|Win32
		{D423D296-6A9A-4993-9E42-EC0385CF8337}.Release|x64.ActiveCfg = Release|x64
		{D423D296-6A9A-4993-9E42-EC0385CF8337}.Release|x64.Build.0 = Release|x64
		{D423D296-6A9A-4993-9E42-EC0385CF8337}.Release|x86.ActiveCfg = Release|Win32
		{D423D296-6A9A-4993-9E42-EC0385CF8337}.Release|x86.Build.0 = Release|Win32
		{EA5DD924-B8F2-4199-8AFD-81728DDBF8D7}.Debug|x64.ActiveCfg = Debug|x64
		{EA5DD924-B8F2-4199-8AFD-81728DDBF8D7}.Debug|x64.Build.0 = Debug|x64
		{EA5DD924-B8F2-4199-8AFD-81728DDBF8D7}.Debug|x86.ActiveCfg = Debug|Win32
		{EA5DD924-B8F2-4199-8AFD-81728DDBF8D7}.Debug|x86.Build.0 = Debug|Win32
		{EA5DD924-B8F2-4199-8AFD-81728DDBF8D7}.Release|x64.ActiveCfg = Release|x64
		{EA5DD924-B8F2-4199-8AFD-81728DDBF8D7}.Release|x64.Build.0 = Release|x64
		{EA5DD924-B8F2-4199-8AFD-81728DDBF8D7}.Release|x86.ActiveCfg = Release|Win32
		{EA5DD924-B8F2-4199-8AFD-81728DDBF8D7}.Release|x86.Build.0 = Release|Win32
		{AA08800A-5C21-47B9-9F9B-2C263C3E419F}.Debug|x64.ActiveCfg = Debug|x64
		{AA08800A-5C21-47B9-9F9B-2C263C3E419F}.Debug|x64.Build.0 = Debug|x64
		{AA08800A-5C21-47B9-9F9B-2C263C3E419F}.Debug|x86.ActiveCfg = Debug|Win32
		{AA08800A-5C21-47B9-9F9B-2C263C3E419F}.Debug|x86.Build.0 = Debug|Win32
		{AA08800A-5C21-47B9-9F9B-2C263C3E419F}.Release|x64.ActiveCfg = Release|x64
		{AA08800A-5C21-47B9-9F9B-2C263C3E419F}.Release|x64.Build.0 = Release|x64
		{AA08800A-5C21-47B9-9F9B-2C263C3E419F}.Release|x86.ActiveCfg = Release|Win32
		{AA08800A-5C21-47B9-9F9B-2C263C3E419F}.Release|x86.Build.0 = Release|Win32
	EndGlobalSection
	GlobalSection(SolutionProperties) = preSolution
		HideSolutionNode = FALSE
	EndGlobalSection
	GlobalSection(NestedProjects) = preSolution
		{A241C63E-E866-4DD9-8D77-2DB24CBACBCA} = {FBEDABFB-6BA7-4BBB-8D4A-04ECB5608061}
		{D423D296-6A9A-4993-9E42-EC0385CF8337} = {6A1CA326-1A60-48C6-BF17-DACEC490C168}
		{EA5DD924-B8F2-4199-8AFD-81728DDBF8D7} = {C8D5274F-AC00-46C7-1F8D-E88E81087A52}
		{AA08800A-5C21-47B9-9F9B-2C263C3E419F} = {5AEDC995-9A84-D21E-A776-162FF4653AEC}
	EndGlobalSection
	GlobalSection(ExtensibilityGlobals) = postSolution
		SolutionGuid = {8BE52AA1-7E1B-4536-BF08-E3A77930B7B6}
	EndGlobalSection
EndGlobal
